
Microsoft Visual Studio Solution File, Format Version 12.00
# Visual Studio Version 16
VisualStudioVersion = 16.0.31129.286
MinimumVisualStudioVersion = 10.0.40219.1
Project("{FAE04EC0-301F-11D3-BF4B-00C04F79EFBC}") = "GrowthPlannerSeed", "GrowthPlannerSeed\GrowthPlannerSeed.csproj", "{78E703F0-DFE3-40A2-99D6-CAED0121C11F}"
EndProject
Project("{FAE04EC0-301F-11D3-BF4B-00C04F79EFBC}") = "Accessors", "Accessors\Accessors.csproj", "{8D0F7D7C-213D-4124-8E85-01577C48CF0C}"
EndProject
Project("{FAE04EC0-301F-11D3-BF4B-00C04F79EFBC}") = "Managers", "Managers\Managers.csproj", "{503EA85F-9D90-413F-AD75-07635E85B1B0}"
EndProject
Project("{FAE04EC0-301F-11D3-BF4B-00C04F79EFBC}") = "Engines", "Engines\Engines.csproj", "{E614563C-2746-4B23-91AF-FE3A19182038}"
EndProject
Project("{FAE04EC0-301F-11D3-BF4B-00C04F79EFBC}") = "Shared", "Shared\Shared.csproj", "{D90EC5A3-F3D8-46CB-93EB-DE76A5F81C8D}"
EndProject
Global
	GlobalSection(SolutionConfigurationPlatforms) = preSolution
		Debug|Any CPU = Debug|Any CPU
		Release|Any CPU = Release|Any CPU
	EndGlobalSection
	GlobalSection(ProjectConfigurationPlatforms) = postSolution
		{78E703F0-DFE3-40A2-99D6-CAED0121C11F}.Debug|Any CPU.ActiveCfg = Debug|Any CPU
		{78E703F0-DFE3-40A2-99D6-CAED0121C11F}.Debug|Any CPU.Build.0 = Debug|Any CPU
		{78E703F0-DFE3-40A2-99D6-CAED0121C11F}.Release|Any CPU.ActiveCfg = Release|Any CPU
		{78E703F0-DFE3-40A2-99D6-CAED0121C11F}.Release|Any CPU.Build.0 = Release|Any CPU
		{8D0F7D7C-213D-4124-8E85-01577C48CF0C}.Debug|Any CPU.ActiveCfg = Debug|Any CPU
		{8D0F7D7C-213D-4124-8E85-01577C48CF0C}.Debug|Any CPU.Build.0 = Debug|Any CPU
		{8D0F7D7C-213D-4124-8E85-01577C48CF0C}.Release|Any CPU.ActiveCfg = Release|Any CPU
		{8D0F7D7C-213D-4124-8E85-01577C48CF0C}.Release|Any CPU.Build.0 = Release|Any CPU
		{503EA85F-9D90-413F-AD75-07635E85B1B0}.Debug|Any CPU.ActiveCfg = Debug|Any CPU
		{503EA85F-9D90-413F-AD75-07635E85B1B0}.Debug|Any CPU.Build.0 = Debug|Any CPU
		{503EA85F-9D90-413F-AD75-07635E85B1B0}.Release|Any CPU.ActiveCfg = Release|Any CPU
		{503EA85F-9D90-413F-AD75-07635E85B1B0}.Release|Any CPU.Build.0 = Release|Any CPU
		{E614563C-2746-4B23-91AF-FE3A19182038}.Debug|Any CPU.ActiveCfg = Debug|Any CPU
		{E614563C-2746-4B23-91AF-FE3A19182038}.Debug|Any CPU.Build.0 = Debug|Any CPU
		{E614563C-2746-4B23-91AF-FE3A19182038}.Release|Any CPU.ActiveCfg = Release|Any CPU
		{E614563C-2746-4B23-91AF-FE3A19182038}.Release|Any CPU.Build.0 = Release|Any CPU
		{D90EC5A3-F3D8-46CB-93EB-DE76A5F81C8D}.Debug|Any CPU.ActiveCfg = Debug|Any CPU
		{D90EC5A3-F3D8-46CB-93EB-DE76A5F81C8D}.Debug|Any CPU.Build.0 = Debug|Any CPU
		{D90EC5A3-F3D8-46CB-93EB-DE76A5F81C8D}.Release|Any CPU.ActiveCfg = Release|Any CPU
		{D90EC5A3-F3D8-46CB-93EB-DE76A5F81C8D}.Release|Any CPU.Build.0 = Release|Any CPU
	EndGlobalSection
	GlobalSection(SolutionProperties) = preSolution
		HideSolutionNode = FALSE
	EndGlobalSection
	GlobalSection(ExtensibilityGlobals) = postSolution
		SolutionGuid = {CC12D95A-15D0-4B08-814E-9D436472D601}
	EndGlobalSection
EndGlobal
